
Microsoft Visual Studio Solution File, Format Version 12.00
# Visual Studio Version 17
VisualStudioVersion = 17.0.32014.148
MinimumVisualStudioVersion = 10.0.40219.1
Project("{FAE04EC0-301F-11D3-BF4B-00C04F79EFBC}") = "AgeCalculator", "AgeCalculator\AgeCalculator.csproj", "{0C2B72CE-976A-4DB9-BAD6-F04707533959}"
EndProject
Global
	GlobalSection(SolutionConfigurationPlatforms) = preSolution
		Debug|Any CPU = Debug|Any CPU
		Release|Any CPU = Release|Any CPU
	EndGlobalSection
	GlobalSection(ProjectConfigurationPlatforms) = postSolution
		{0C2B72CE-976A-4DB9-BAD6-F04707533959}.Debug|Any CPU.ActiveCfg = Debug|Any CPU
		{0C2B72CE-976A-4DB9-BAD6-F04707533959}.Debug|Any CPU.Build.0 = Debug|Any CPU
		{0C2B72CE-976A-4DB9-BAD6-F04707533959}.Release|Any CPU.ActiveCfg = Release|Any CPU
		{0C2B72CE-976A-4DB9-BAD6-F04707533959}.Release|Any CPU.Build.0 = Release|Any CPU
	EndGlobalSection
	GlobalSection(SolutionProperties) = preSolution
		HideSolutionNode = FALSE
	EndGlobalSection
	GlobalSection(ExtensibilityGlobals) = postSolution
		SolutionGuid = {F952CE91-E852-465D-BEC1-181A10127BF8}
	EndGlobalSection
EndGlobal
